
Microsoft Visual Studio Solution File, Format Version 12.00
# Visual Studio 14
VisualStudioVersion = 14.0.23107.0
MinimumVisualStudioVersion = 10.0.40219.1
Project("{FAE04EC0-301F-11D3-BF4B-00C04F79EFBC}") = "Lottery", "Lottery\Lottery.csproj", "{1F66BBC5-C475-465C-8C29-0979172B3399}"
EndProject
Project("{FAE04EC0-301F-11D3-BF4B-00C04F79EFBC}") = "Lottery.Tests", "Lottery.Tests\Lottery.Tests.csproj", "{C173A406-A3AA-4620-8302-0B86F4D610B4}"
EndProject
Global
	GlobalSection(SolutionConfigurationPlatforms) = preSolution
		Debug|Any CPU = Debug|Any CPU
		Release|Any CPU = Release|Any CPU
	EndGlobalSection
	GlobalSection(ProjectConfigurationPlatforms) = postSolution
		{1F66BBC5-C475-465C-8C29-0979172B3399}.Debug|Any CPU.ActiveCfg = Debug|Any CPU
		{1F66BBC5-C475-465C-8C29-0979172B3399}.Debug|Any CPU.Build.0 = Debug|Any CPU
		{1F66BBC5-C475-465C-8C29-0979172B3399}.Release|Any CPU.ActiveCfg = Release|Any CPU
		{1F66BBC5-C475-465C-8C29-0979172B3399}.Release|Any CPU.Build.0 = Release|Any CPU
		{C173A406-A3AA-4620-8302-0B86F4D610B4}.Debug|Any CPU.ActiveCfg = Debug|Any CPU
		{C173A406-A3AA-4620-8302-0B86F4D610B4}.Debug|Any CPU.Build.0 = Debug|Any CPU
		{C173A406-A3AA-4620-8302-0B86F4D610B4}.Release|Any CPU.ActiveCfg = Release|Any CPU
		{C173A406-A3AA-4620-8302-0B86F4D610B4}.Release|Any CPU.Build.0 = Release|Any CPU
	EndGlobalSection
	GlobalSection(SolutionProperties) = preSolution
		HideSolutionNode = FALSE
	EndGlobalSection
	GlobalSection(TeamFoundationVersionControl) = preSolution
		SccNumberOfProjects = 3
		SccEnterpriseProvider = {4CA58AB2-18FA-4F8D-95D4-32DDF27D184C}
		SccTeamFoundationServer = https://donnelljenkins.visualstudio.com/defaultcollection
		SccLocalPath0 = .
		SccProjectUniqueName1 = Lottery.Tests\\Lottery.Tests.csproj
		SccProjectName1 = Lottery.Tests
		SccLocalPath1 = Lottery.Tests
		SccProjectUniqueName2 = Lottery\\Lottery.csproj
		SccProjectName2 = Lottery
		SccLocalPath2 = Lottery
	EndGlobalSection
EndGlobal
